// !$*UTF8*$!
{
	archiveVersion = 1;
	classes = {
	};
	objectVersion = 46;
	objects = {

/* Begin PBXBuildFile section */
		846F7BFEE67DD85C147ED6B1 /* libPods-EllenGif.a in Frameworks */ = {isa = PBXBuildFile; fileRef = DF08AF7868EA2B55D0CDD1B0 /* libPods-EllenGif.a */; };
		F005083A1D910BD0009B8CBC /* BaseViewController.m in Sources */ = {isa = PBXBuildFile; fileRef = F00508361D910BD0009B8CBC /* BaseViewController.m */; };
		F005083B1D910BD0009B8CBC /* GGNavigationBar.m in Sources */ = {isa = PBXBuildFile; fileRef = F00508381D910BD0009B8CBC /* GGNavigationBar.m */; };
		F00508581D910EA2009B8CBC /* MBProgressHUD+string.m in Sources */ = {isa = PBXBuildFile; fileRef = F005083E1D910EA2009B8CBC /* MBProgressHUD+string.m */; };
		F00508591D910EA2009B8CBC /* ZXUnitil.mm in Sources */ = {isa = PBXBuildFile; fileRef = F00508401D910EA2009B8CBC /* ZXUnitil.mm */; };
		F005085A1D910EA2009B8CBC /* WXApiManager.m in Sources */ = {isa = PBXBuildFile; fileRef = F00508441D910EA2009B8CBC /* WXApiManager.m */; settings = {COMPILER_FLAGS = "-fno-objc-arc"; }; };
		F005085B1D910EA2009B8CBC /* WXApiRequestHandler.m in Sources */ = {isa = PBXBuildFile; fileRef = F00508461D910EA2009B8CBC /* WXApiRequestHandler.m */; settings = {COMPILER_FLAGS = "-fno-objc-arc"; }; };
		F005085C1D910EA2009B8CBC /* WXApiResponseHandler.m in Sources */ = {isa = PBXBuildFile; fileRef = F00508481D910EA2009B8CBC /* WXApiResponseHandler.m */; };
		F005085D1D910EA2009B8CBC /* GetMessageFromWXResp+responseWithTextOrMediaMessage.m in Sources */ = {isa = PBXBuildFile; fileRef = F005084C1D910EA2009B8CBC /* GetMessageFromWXResp+responseWithTextOrMediaMessage.m */; settings = {COMPILER_FLAGS = "-fno-objc-arc"; }; };
		F005085E1D910EA2009B8CBC /* SendMessageToWXReq+requestWithTextOrMediaMessage.m in Sources */ = {isa = PBXBuildFile; fileRef = F005084E1D910EA2009B8CBC /* SendMessageToWXReq+requestWithTextOrMediaMessage.m */; settings = {COMPILER_FLAGS = "-fno-objc-arc"; }; };
		F005085F1D910EA2009B8CBC /* WXMediaMessage+messageConstruct.m in Sources */ = {isa = PBXBuildFile; fileRef = F00508501D910EA2009B8CBC /* WXMediaMessage+messageConstruct.m */; };
		F03CC68E1D911053004EEED7 /* libWeChatSDK.a in Frameworks */ = {isa = PBXBuildFile; fileRef = F03CC6881D911053004EEED7 /* libWeChatSDK.a */; };
		F03CC68F1D911053004EEED7 /* read_me.txt in Resources */ = {isa = PBXBuildFile; fileRef = F03CC6891D911053004EEED7 /* read_me.txt */; };
		F03CC6901D911053004EEED7 /* README.txt in Resources */ = {isa = PBXBuildFile; fileRef = F03CC68A1D911053004EEED7 /* README.txt */; };
		F03CC6931D911138004EEED7 /* MainTabBarController.m in Sources */ = {isa = PBXBuildFile; fileRef = F03CC6921D911138004EEED7 /* MainTabBarController.m */; };
		F03CC6961D9118B0004EEED7 /* HomeViewController.m in Sources */ = {isa = PBXBuildFile; fileRef = F03CC6951D9118B0004EEED7 /* HomeViewController.m */; };
		F03CC6991D912972004EEED7 /* GifViewController.m in Sources */ = {isa = PBXBuildFile; fileRef = F03CC6981D912972004EEED7 /* GifViewController.m */; };
		F045819F1D76AD1700C3FDB7 /* EllenCollectionCell.m in Sources */ = {isa = PBXBuildFile; fileRef = F045819E1D76AD1700C3FDB7 /* EllenCollectionCell.m */; };
		F04581C61D76BCD600C3FDB7 /* Security.framework in Frameworks */ = {isa = PBXBuildFile; fileRef = F04581C51D76BCD600C3FDB7 /* Security.framework */; };
		F04581C81D76BCE300C3FDB7 /* CoreTelephony.framework in Frameworks */ = {isa = PBXBuildFile; fileRef = F04581C71D76BCE300C3FDB7 /* CoreTelephony.framework */; };
		F04581CA1D76BCEB00C3FDB7 /* SystemConfiguration.framework in Frameworks */ = {isa = PBXBuildFile; fileRef = F04581C91D76BCEB00C3FDB7 /* SystemConfiguration.framework */; };
		F04581CC1D76BCFE00C3FDB7 /* libz.tbd in Frameworks */ = {isa = PBXBuildFile; fileRef = F04581CB1D76BCFE00C3FDB7 /* libz.tbd */; };
		F04581CE1D76BD0600C3FDB7 /* libsqlite3.0.tbd in Frameworks */ = {isa = PBXBuildFile; fileRef = F04581CD1D76BD0600C3FDB7 /* libsqlite3.0.tbd */; };
		F04581D01D76BD9100C3FDB7 /* libc++.1.tbd in Frameworks */ = {isa = PBXBuildFile; fileRef = F04581CF1D76BD9100C3FDB7 /* libc++.1.tbd */; };
		F04586741E8259F100C53773 /* VideoViewController.m in Sources */ = {isa = PBXBuildFile; fileRef = F04586711E8259F100C53773 /* VideoViewController.m */; };
		F04586751E8259F100C53773 /* VideoListController.m in Sources */ = {isa = PBXBuildFile; fileRef = F04586731E8259F100C53773 /* VideoListController.m */; };
		F04586781E8259FF00C53773 /* VideoListBaseController.m in Sources */ = {isa = PBXBuildFile; fileRef = F04586771E8259FF00C53773 /* VideoListBaseController.m */; };
		F0AAB2AD1E83A088004E6EF4 /* VideoListModel.m in Sources */ = {isa = PBXBuildFile; fileRef = F0AAB2AA1E83A088004E6EF4 /* VideoListModel.m */; };
		F0AAB2AE1E83A088004E6EF4 /* VideoModel.m in Sources */ = {isa = PBXBuildFile; fileRef = F0AAB2AC1E83A088004E6EF4 /* VideoModel.m */; };
		F0AAB2B11E83A16B004E6EF4 /* GGRequest.m in Sources */ = {isa = PBXBuildFile; fileRef = F0AAB2B01E83A16B004E6EF4 /* GGRequest.m */; };
		F0AAB2B51E83A32F004E6EF4 /* EllenModel.m in Sources */ = {isa = PBXBuildFile; fileRef = F0AAB2B41E83A32F004E6EF4 /* EllenModel.m */; };
		F0AAB2B81E83A475004E6EF4 /* EllenModel+GGRequest.m in Sources */ = {isa = PBXBuildFile; fileRef = F0AAB2B71E83A475004E6EF4 /* EllenModel+GGRequest.m */; };
		F0AAB2BC1E83ADA0004E6EF4 /* VideoListCell.m in Sources */ = {isa = PBXBuildFile; fileRef = F0AAB2BA1E83ADA0004E6EF4 /* VideoListCell.m */; };
		F0AAB2BD1E83ADA0004E6EF4 /* VideoListCell.xib in Resources */ = {isa = PBXBuildFile; fileRef = F0AAB2BB1E83ADA0004E6EF4 /* VideoListCell.xib */; };
		F0AAB2C31E83AE4D004E6EF4 /* UserModel.m in Sources */ = {isa = PBXBuildFile; fileRef = F0AAB2C21E83AE4D004E6EF4 /* UserModel.m */; };
		F0AAB2C61E83B00A004E6EF4 /* AuthorVideoListController.m in Sources */ = {isa = PBXBuildFile; fileRef = F0AAB2C51E83B00A004E6EF4 /* AuthorVideoListController.m */; };
		F0AAB2C81E83B209004E6EF4 /* video.html in Resources */ = {isa = PBXBuildFile; fileRef = F0AAB2C71E83B209004E6EF4 /* video.html */; };
		F0AAB2CB1E83C33E004E6EF4 /* Reachability.m in Sources */ = {isa = PBXBuildFile; fileRef = F0AAB2CA1E83C33E004E6EF4 /* Reachability.m */; };
		F0AAB2CE1E83C4AE004E6EF4 /* SearchViewController.m in Sources */ = {isa = PBXBuildFile; fileRef = F0AAB2CD1E83C4AE004E6EF4 /* SearchViewController.m */; };
		F0B1A05F1D76A7160083C7F8 /* main.m in Sources */ = {isa = PBXBuildFile; fileRef = F0B1A05E1D76A7160083C7F8 /* main.m */; };
		F0B1A0621D76A7160083C7F8 /* AppDelegate.m in Sources */ = {isa = PBXBuildFile; fileRef = F0B1A0611D76A7160083C7F8 /* AppDelegate.m */; };
		F0B1A0681D76A7160083C7F8 /* Main.storyboard in Resources */ = {isa = PBXBuildFile; fileRef = F0B1A0661D76A7160083C7F8 /* Main.storyboard */; };
		F0B1A06A1D76A7160083C7F8 /* Assets.xcassets in Resources */ = {isa = PBXBuildFile; fileRef = F0B1A0691D76A7160083C7F8 /* Assets.xcassets */; };
		F0B1A06D1D76A7160083C7F8 /* LaunchScreen.storyboard in Resources */ = {isa = PBXBuildFile; fileRef = F0B1A06B1D76A7160083C7F8 /* LaunchScreen.storyboard */; };
		F0BF4A001D94D1F50032F5B8 /* GGNavigationController.m in Sources */ = {isa = PBXBuildFile; fileRef = F0BF49FF1D94D1F50032F5B8 /* GGNavigationController.m */; };
		F0D420601E039DE500E596F0 /* FavorViewController.m in Sources */ = {isa = PBXBuildFile; fileRef = F0D4205F1E039DE500E596F0 /* FavorViewController.m */; };
		F0E5DA8C1D92A90B007A73F3 /* LaunchView.m in Sources */ = {isa = PBXBuildFile; fileRef = F0E5DA8B1D92A90B007A73F3 /* LaunchView.m */; };
		F0E5E68F1D936D3C00924C1D /* UserCenterController.m in Sources */ = {isa = PBXBuildFile; fileRef = F0E5E68E1D936D3C00924C1D /* UserCenterController.m */; };
		F0E5E6921D936ECC00924C1D /* ADViewController.m in Sources */ = {isa = PBXBuildFile; fileRef = F0E5E6911D936ECC00924C1D /* ADViewController.m */; };
		F0E5E6941D9371D300924C1D /* GoogleService-Info.plist in Resources */ = {isa = PBXBuildFile; fileRef = F0E5E6931D9371D300924C1D /* GoogleService-Info.plist */; };
		F0E5E6A01D93811F00924C1D /* SerchSetingView.m in Sources */ = {isa = PBXBuildFile; fileRef = F0E5E69F1D93811F00924C1D /* SerchSetingView.m */; };
		F0E5E6A31D9381F300924C1D /* UIViewAdditions.m in Sources */ = {isa = PBXBuildFile; fileRef = F0E5E6A21D9381F300924C1D /* UIViewAdditions.m */; };
/* End PBXBuildFile section */

/* Begin PBXFileReference section */
		3A9561390E2CCAFCA4FAC2B6 /* Pods-EllenGif.release.xcconfig */ = {isa = PBXFileReference; includeInIndex = 1; lastKnownFileType = text.xcconfig; name = "Pods-EllenGif.release.xcconfig"; path = "Pods/Target Support Files/Pods-EllenGif/Pods-EllenGif.release.xcconfig"; sourceTree = "<group>"; };
		781B5B73E65B3AF8FCF16B5C /* Pods-EllenGif.debug.xcconfig */ = {isa = PBXFileReference; includeInIndex = 1; lastKnownFileType = text.xcconfig; name = "Pods-EllenGif.debug.xcconfig"; path = "Pods/Target Support Files/Pods-EllenGif/Pods-EllenGif.debug.xcconfig"; sourceTree = "<group>"; };
		DF08AF7868EA2B55D0CDD1B0 /* libPods-EllenGif.a */ = {isa = PBXFileReference; explicitFileType = archive.ar; includeInIndex = 0; path = "libPods-EllenGif.a"; sourceTree = BUILT_PRODUCTS_DIR; };
		F00508351D910BD0009B8CBC /* BaseViewController.h */ = {isa = PBXFileReference; fileEncoding = 4; lastKnownFileType = sourcecode.c.h; path = BaseViewController.h; sourceTree = "<group>"; };
		F00508361D910BD0009B8CBC /* BaseViewController.m */ = {isa = PBXFileReference; fileEncoding = 4; lastKnownFileType = sourcecode.c.objc; path = BaseViewController.m; sourceTree = "<group>"; };
		F00508371D910BD0009B8CBC /* GGNavigationBar.h */ = {isa = PBXFileReference; fileEncoding = 4; lastKnownFileType = sourcecode.c.h; path = GGNavigationBar.h; sourceTree = "<group>"; };
		F00508381D910BD0009B8CBC /* GGNavigationBar.m */ = {isa = PBXFileReference; fileEncoding = 4; lastKnownFileType = sourcecode.c.objc; path = GGNavigationBar.m; sourceTree = "<group>"; };
		F005083D1D910EA2009B8CBC /* MBProgressHUD+string.h */ = {isa = PBXFileReference; fileEncoding = 4; lastKnownFileType = sourcecode.c.h; path = "MBProgressHUD+string.h"; sourceTree = "<group>"; };
		F005083E1D910EA2009B8CBC /* MBProgressHUD+string.m */ = {isa = PBXFileReference; fileEncoding = 4; lastKnownFileType = sourcecode.c.objc; path = "MBProgressHUD+string.m"; sourceTree = "<group>"; };
		F005083F1D910EA2009B8CBC /* ZXUnitil.h */ = {isa = PBXFileReference; fileEncoding = 4; lastKnownFileType = sourcecode.c.h; path = ZXUnitil.h; sourceTree = "<group>"; };
		F00508401D910EA2009B8CBC /* ZXUnitil.mm */ = {isa = PBXFileReference; fileEncoding = 4; lastKnownFileType = sourcecode.cpp.objcpp; path = ZXUnitil.mm; sourceTree = "<group>"; };
		F00508431D910EA2009B8CBC /* WXApiManager.h */ = {isa = PBXFileReference; fileEncoding = 4; lastKnownFileType = sourcecode.c.h; path = WXApiManager.h; sourceTree = "<group>"; };
		F00508441D910EA2009B8CBC /* WXApiManager.m */ = {isa = PBXFileReference; fileEncoding = 4; lastKnownFileType = sourcecode.c.objc; path = WXApiManager.m; sourceTree = "<group>"; };
		F00508451D910EA2009B8CBC /* WXApiRequestHandler.h */ = {isa = PBXFileReference; fileEncoding = 4; lastKnownFileType = sourcecode.c.h; path = WXApiRequestHandler.h; sourceTree = "<group>"; };
		F00508461D910EA2009B8CBC /* WXApiRequestHandler.m */ = {isa = PBXFileReference; fileEncoding = 4; lastKnownFileType = sourcecode.c.objc; path = WXApiRequestHandler.m; sourceTree = "<group>"; };
		F00508471D910EA2009B8CBC /* WXApiResponseHandler.h */ = {isa = PBXFileReference; fileEncoding = 4; lastKnownFileType = sourcecode.c.h; path = WXApiResponseHandler.h; sourceTree = "<group>"; };
		F00508481D910EA2009B8CBC /* WXApiResponseHandler.m */ = {isa = PBXFileReference; fileEncoding = 4; lastKnownFileType = sourcecode.c.objc; path = WXApiResponseHandler.m; sourceTree = "<group>"; };
		F005084A1D910EA2009B8CBC /* Constant.h */ = {isa = PBXFileReference; fileEncoding = 4; lastKnownFileType = sourcecode.c.h; path = Constant.h; sourceTree = "<group>"; };
		F005084B1D910EA2009B8CBC /* GetMessageFromWXResp+responseWithTextOrMediaMessage.h */ = {isa = PBXFileReference; fileEncoding = 4; lastKnownFileType = sourcecode.c.h; path = "GetMessageFromWXResp+responseWithTextOrMediaMessage.h"; sourceTree = "<group>"; };
		F005084C1D910EA2009B8CBC /* GetMessageFromWXResp+responseWithTextOrMediaMessage.m */ = {isa = PBXFileReference; fileEncoding = 4; lastKnownFileType = sourcecode.c.objc; path = "GetMessageFromWXResp+responseWithTextOrMediaMessage.m"; sourceTree = "<group>"; };
		F005084D1D910EA2009B8CBC /* SendMessageToWXReq+requestWithTextOrMediaMessage.h */ = {isa = PBXFileReference; fileEncoding = 4; lastKnownFileType = sourcecode.c.h; path = "SendMessageToWXReq+requestWithTextOrMediaMessage.h"; sourceTree = "<group>"; };
		F005084E1D910EA2009B8CBC /* SendMessageToWXReq+requestWithTextOrMediaMessage.m */ = {isa = PBXFileReference; fileEncoding = 4; lastKnownFileType = sourcecode.c.objc; path = "SendMessageToWXReq+requestWithTextOrMediaMessage.m"; sourceTree = "<group>"; };
		F005084F1D910EA2009B8CBC /* WXMediaMessage+messageConstruct.h */ = {isa = PBXFileReference; fileEncoding = 4; lastKnownFileType = sourcecode.c.h; path = "WXMediaMessage+messageConstruct.h"; sourceTree = "<group>"; };
		F00508501D910EA2009B8CBC /* WXMediaMessage+messageConstruct.m */ = {isa = PBXFileReference; fileEncoding = 4; lastKnownFileType = sourcecode.c.objc; path = "WXMediaMessage+messageConstruct.m"; sourceTree = "<group>"; };
		F03CC6881D911053004EEED7 /* libWeChatSDK.a */ = {isa = PBXFileReference; lastKnownFileType = archive.ar; path = libWeChatSDK.a; sourceTree = "<group>"; };
		F03CC6891D911053004EEED7 /* read_me.txt */ = {isa = PBXFileReference; fileEncoding = 4; lastKnownFileType = text; path = read_me.txt; sourceTree = "<group>"; };
		F03CC68A1D911053004EEED7 /* README.txt */ = {isa = PBXFileReference; fileEncoding = 4; lastKnownFileType = text; path = README.txt; sourceTree = "<group>"; };
		F03CC68B1D911053004EEED7 /* WechatAuthSDK.h */ = {isa = PBXFileReference; fileEncoding = 4; lastKnownFileType = sourcecode.c.h; path = WechatAuthSDK.h; sourceTree = "<group>"; };
		F03CC68C1D911053004EEED7 /* WXApi.h */ = {isa = PBXFileReference; fileEncoding = 4; lastKnownFileType = sourcecode.c.h; path = WXApi.h; sourceTree = "<group>"; };
		F03CC68D1D911053004EEED7 /* WXApiObject.h */ = {isa = PBXFileReference; fileEncoding = 4; lastKnownFileType = sourcecode.c.h; path = WXApiObject.h; sourceTree = "<group>"; };
		F03CC6911D911138004EEED7 /* MainTabBarController.h */ = {isa = PBXFileReference; fileEncoding = 4; lastKnownFileType = sourcecode.c.h; path = MainTabBarController.h; sourceTree = "<group>"; };
		F03CC6921D911138004EEED7 /* MainTabBarController.m */ = {isa = PBXFileReference; fileEncoding = 4; lastKnownFileType = sourcecode.c.objc; path = MainTabBarController.m; sourceTree = "<group>"; };
		F03CC6941D9118B0004EEED7 /* HomeViewController.h */ = {isa = PBXFileReference; fileEncoding = 4; lastKnownFileType = sourcecode.c.h; path = HomeViewController.h; sourceTree = "<group>"; };
		F03CC6951D9118B0004EEED7 /* HomeViewController.m */ = {isa = PBXFileReference; fileEncoding = 4; lastKnownFileType = sourcecode.c.objc; path = HomeViewController.m; sourceTree = "<group>"; };
		F03CC6971D912972004EEED7 /* GifViewController.h */ = {isa = PBXFileReference; fileEncoding = 4; lastKnownFileType = sourcecode.c.h; path = GifViewController.h; sourceTree = "<group>"; };
		F03CC6981D912972004EEED7 /* GifViewController.m */ = {isa = PBXFileReference; fileEncoding = 4; lastKnownFileType = sourcecode.c.objc; path = GifViewController.m; sourceTree = "<group>"; };
		F045819B1D76AA4200C3FDB7 /* MyDefines.h */ = {isa = PBXFileReference; lastKnownFileType = sourcecode.c.h; path = MyDefines.h; sourceTree = "<group>"; };
		F045819C1D76AA8200C3FDB7 /* PrefixHeader.pch */ = {isa = PBXFileReference; lastKnownFileType = sourcecode.c.h; path = PrefixHeader.pch; sourceTree = "<group>"; };
		F045819D1D76AD1700C3FDB7 /* EllenCollectionCell.h */ = {isa = PBXFileReference; fileEncoding = 4; lastKnownFileType = sourcecode.c.h; path = EllenCollectionCell.h; sourceTree = "<group>"; };
		F045819E1D76AD1700C3FDB7 /* EllenCollectionCell.m */ = {isa = PBXFileReference; fileEncoding = 4; lastKnownFileType = sourcecode.c.objc; path = EllenCollectionCell.m; sourceTree = "<group>"; };
		F04581C51D76BCD600C3FDB7 /* Security.framework */ = {isa = PBXFileReference; lastKnownFileType = wrapper.framework; name = Security.framework; path = System/Library/Frameworks/Security.framework; sourceTree = SDKROOT; };
		F04581C71D76BCE300C3FDB7 /* CoreTelephony.framework */ = {isa = PBXFileReference; lastKnownFileType = wrapper.framework; name = CoreTelephony.framework; path = System/Library/Frameworks/CoreTelephony.framework; sourceTree = SDKROOT; };
		F04581C91D76BCEB00C3FDB7 /* SystemConfiguration.framework */ = {isa = PBXFileReference; lastKnownFileType = wrapper.framework; name = SystemConfiguration.framework; path = System/Library/Frameworks/SystemConfiguration.framework; sourceTree = SDKROOT; };
		F04581CB1D76BCFE00C3FDB7 /* libz.tbd */ = {isa = PBXFileReference; lastKnownFileType = "sourcecode.text-based-dylib-definition"; name = libz.tbd; path = usr/lib/libz.tbd; sourceTree = SDKROOT; };
		F04581CD1D76BD0600C3FDB7 /* libsqlite3.0.tbd */ = {isa = PBXFileReference; lastKnownFileType = "sourcecode.text-based-dylib-definition"; name = libsqlite3.0.tbd; path = usr/lib/libsqlite3.0.tbd; sourceTree = SDKROOT; };
		F04581CF1D76BD9100C3FDB7 /* libc++.1.tbd */ = {isa = PBXFileReference; lastKnownFileType = "sourcecode.text-based-dylib-definition"; name = "libc++.1.tbd"; path = "usr/lib/libc++.1.tbd"; sourceTree = SDKROOT; };
		F04586701E8259F100C53773 /* VideoViewController.h */ = {isa = PBXFileReference; fileEncoding = 4; lastKnownFileType = sourcecode.c.h; path = VideoViewController.h; sourceTree = "<group>"; };
		F04586711E8259F100C53773 /* VideoViewController.m */ = {isa = PBXFileReference; fileEncoding = 4; lastKnownFileType = sourcecode.c.objc; path = VideoViewController.m; sourceTree = "<group>"; };
		F04586721E8259F100C53773 /* VideoListController.h */ = {isa = PBXFileReference; fileEncoding = 4; lastKnownFileType = sourcecode.c.h; path = VideoListController.h; sourceTree = "<group>"; };
		F04586731E8259F100C53773 /* VideoListController.m */ = {isa = PBXFileReference; fileEncoding = 4; lastKnownFileType = sourcecode.c.objc; path = VideoListController.m; sourceTree = "<group>"; };
		F04586761E8259FF00C53773 /* VideoListBaseController.h */ = {isa = PBXFileReference; fileEncoding = 4; lastKnownFileType = sourcecode.c.h; path = VideoListBaseController.h; sourceTree = "<group>"; };
		F04586771E8259FF00C53773 /* VideoListBaseController.m */ = {isa = PBXFileReference; fileEncoding = 4; lastKnownFileType = sourcecode.c.objc; path = VideoListBaseController.m; sourceTree = "<group>"; };
		F0AAB2A91E83A088004E6EF4 /* VideoListModel.h */ = {isa = PBXFileReference; fileEncoding = 4; lastKnownFileType = sourcecode.c.h; path = VideoListModel.h; sourceTree = "<group>"; };
		F0AAB2AA1E83A088004E6EF4 /* VideoListModel.m */ = {isa = PBXFileReference; fileEncoding = 4; lastKnownFileType = sourcecode.c.objc; path = VideoListModel.m; sourceTree = "<group>"; };
		F0AAB2AB1E83A088004E6EF4 /* VideoModel.h */ = {isa = PBXFileReference; fileEncoding = 4; lastKnownFileType = sourcecode.c.h; path = VideoModel.h; sourceTree = "<group>"; };
		F0AAB2AC1E83A088004E6EF4 /* VideoModel.m */ = {isa = PBXFileReference; fileEncoding = 4; lastKnownFileType = sourcecode.c.objc; path = VideoModel.m; sourceTree = "<group>"; };
		F0AAB2AF1E83A16B004E6EF4 /* GGRequest.h */ = {isa = PBXFileReference; fileEncoding = 4; lastKnownFileType = sourcecode.c.h; path = GGRequest.h; sourceTree = "<group>"; };
		F0AAB2B01E83A16B004E6EF4 /* GGRequest.m */ = {isa = PBXFileReference; fileEncoding = 4; lastKnownFileType = sourcecode.c.objc; path = GGRequest.m; sourceTree = "<group>"; };
		F0AAB2B31E83A32F004E6EF4 /* EllenModel.h */ = {isa = PBXFileReference; fileEncoding = 4; lastKnownFileType = sourcecode.c.h; path = EllenModel.h; sourceTree = "<group>"; };
		F0AAB2B41E83A32F004E6EF4 /* EllenModel.m */ = {isa = PBXFileReference; fileEncoding = 4; lastKnownFileType = sourcecode.c.objc; path = EllenModel.m; sourceTree = "<group>"; };
		F0AAB2B61E83A475004E6EF4 /* EllenModel+GGRequest.h */ = {isa = PBXFileReference; fileEncoding = 4; lastKnownFileType = sourcecode.c.h; path = "EllenModel+GGRequest.h"; sourceTree = "<group>"; };
		F0AAB2B71E83A475004E6EF4 /* EllenModel+GGRequest.m */ = {isa = PBXFileReference; fileEncoding = 4; lastKnownFileType = sourcecode.c.objc; path = "EllenModel+GGRequest.m"; sourceTree = "<group>"; };
		F0AAB2B91E83ADA0004E6EF4 /* VideoListCell.h */ = {isa = PBXFileReference; fileEncoding = 4; lastKnownFileType = sourcecode.c.h; path = VideoListCell.h; sourceTree = "<group>"; };
		F0AAB2BA1E83ADA0004E6EF4 /* VideoListCell.m */ = {isa = PBXFileReference; fileEncoding = 4; lastKnownFileType = sourcecode.c.objc; path = VideoListCell.m; sourceTree = "<group>"; };
		F0AAB2BB1E83ADA0004E6EF4 /* VideoListCell.xib */ = {isa = PBXFileReference; fileEncoding = 4; lastKnownFileType = file.xib; path = VideoListCell.xib; sourceTree = "<group>"; };
		F0AAB2C11E83AE4D004E6EF4 /* UserModel.h */ = {isa = PBXFileReference; fileEncoding = 4; lastKnownFileType = sourcecode.c.h; path = UserModel.h; sourceTree = "<group>"; };
		F0AAB2C21E83AE4D004E6EF4 /* UserModel.m */ = {isa = PBXFileReference; fileEncoding = 4; lastKnownFileType = sourcecode.c.objc; path = UserModel.m; sourceTree = "<group>"; };
		F0AAB2C41E83B00A004E6EF4 /* AuthorVideoListController.h */ = {isa = PBXFileReference; fileEncoding = 4; lastKnownFileType = sourcecode.c.h; path = AuthorVideoListController.h; sourceTree = "<group>"; };
		F0AAB2C51E83B00A004E6EF4 /* AuthorVideoListController.m */ = {isa = PBXFileReference; fileEncoding = 4; lastKnownFileType = sourcecode.c.objc; path = AuthorVideoListController.m; sourceTree = "<group>"; };
		F0AAB2C71E83B209004E6EF4 /* video.html */ = {isa = PBXFileReference; fileEncoding = 4; lastKnownFileType = text.html; path = video.html; sourceTree = "<group>"; };
		F0AAB2C91E83C33E004E6EF4 /* Reachability.h */ = {isa = PBXFileReference; fileEncoding = 4; lastKnownFileType = sourcecode.c.h; path = Reachability.h; sourceTree = "<group>"; };
		F0AAB2CA1E83C33E004E6EF4 /* Reachability.m */ = {isa = PBXFileReference; fileEncoding = 4; lastKnownFileType = sourcecode.c.objc; path = Reachability.m; sourceTree = "<group>"; };
		F0AAB2CC1E83C4AE004E6EF4 /* SearchViewController.h */ = {isa = PBXFileReference; fileEncoding = 4; lastKnownFileType = sourcecode.c.h; path = SearchViewController.h; sourceTree = "<group>"; };
		F0AAB2CD1E83C4AE004E6EF4 /* SearchViewController.m */ = {isa = PBXFileReference; fileEncoding = 4; lastKnownFileType = sourcecode.c.objc; path = SearchViewController.m; sourceTree = "<group>"; };
		F0B1A05A1D76A7160083C7F8 /* EllenGif.app */ = {isa = PBXFileReference; explicitFileType = wrapper.application; includeInIndex = 0; path = EllenGif.app; sourceTree = BUILT_PRODUCTS_DIR; };
		F0B1A05E1D76A7160083C7F8 /* main.m */ = {isa = PBXFileReference; lastKnownFileType = sourcecode.c.objc; path = main.m; sourceTree = "<group>"; };
		F0B1A0601D76A7160083C7F8 /* AppDelegate.h */ = {isa = PBXFileReference; lastKnownFileType = sourcecode.c.h; path = AppDelegate.h; sourceTree = "<group>"; };
		F0B1A0611D76A7160083C7F8 /* AppDelegate.m */ = {isa = PBXFileReference; lastKnownFileType = sourcecode.c.objc; path = AppDelegate.m; sourceTree = "<group>"; };
		F0B1A0671D76A7160083C7F8 /* Base */ = {isa = PBXFileReference; lastKnownFileType = file.storyboard; name = Base; path = Base.lproj/Main.storyboard; sourceTree = "<group>"; };
		F0B1A0691D76A7160083C7F8 /* Assets.xcassets */ = {isa = PBXFileReference; lastKnownFileType = folder.assetcatalog; path = Assets.xcassets; sourceTree = "<group>"; };
		F0B1A06C1D76A7160083C7F8 /* Base */ = {isa = PBXFileReference; lastKnownFileType = file.storyboard; name = Base; path = Base.lproj/LaunchScreen.storyboard; sourceTree = "<group>"; };
		F0B1A06E1D76A7160083C7F8 /* Info.plist */ = {isa = PBXFileReference; lastKnownFileType = text.plist.xml; path = Info.plist; sourceTree = "<group>"; };
		F0BF49FE1D94D1F50032F5B8 /* GGNavigationController.h */ = {isa = PBXFileReference; fileEncoding = 4; lastKnownFileType = sourcecode.c.h; path = GGNavigationController.h; sourceTree = "<group>"; };
		F0BF49FF1D94D1F50032F5B8 /* GGNavigationController.m */ = {isa = PBXFileReference; fileEncoding = 4; lastKnownFileType = sourcecode.c.objc; path = GGNavigationController.m; sourceTree = "<group>"; };
		F0D4205E1E039DE500E596F0 /* FavorViewController.h */ = {isa = PBXFileReference; fileEncoding = 4; lastKnownFileType = sourcecode.c.h; path = FavorViewController.h; sourceTree = "<group>"; };
		F0D4205F1E039DE500E596F0 /* FavorViewController.m */ = {isa = PBXFileReference; fileEncoding = 4; lastKnownFileType = sourcecode.c.objc; path = FavorViewController.m; sourceTree = "<group>"; };
		F0E5DA8A1D92A90B007A73F3 /* LaunchView.h */ = {isa = PBXFileReference; fileEncoding = 4; lastKnownFileType = sourcecode.c.h; path = LaunchView.h; sourceTree = "<group>"; };
		F0E5DA8B1D92A90B007A73F3 /* LaunchView.m */ = {isa = PBXFileReference; fileEncoding = 4; lastKnownFileType = sourcecode.c.objc; path = LaunchView.m; sourceTree = "<group>"; };
		F0E5E68D1D936D3C00924C1D /* UserCenterController.h */ = {isa = PBXFileReference; fileEncoding = 4; lastKnownFileType = sourcecode.c.h; path = UserCenterController.h; sourceTree = "<group>"; };
		F0E5E68E1D936D3C00924C1D /* UserCenterController.m */ = {isa = PBXFileReference; fileEncoding = 4; lastKnownFileType = sourcecode.c.objc; path = UserCenterController.m; sourceTree = "<group>"; };
		F0E5E6901D936ECC00924C1D /* ADViewController.h */ = {isa = PBXFileReference; fileEncoding = 4; lastKnownFileType = sourcecode.c.h; path = ADViewController.h; sourceTree = "<group>"; };
		F0E5E6911D936ECC00924C1D /* ADViewController.m */ = {isa = PBXFileReference; fileEncoding = 4; lastKnownFileType = sourcecode.c.objc; path = ADViewController.m; sourceTree = "<group>"; };
		F0E5E6931D9371D300924C1D /* GoogleService-Info.plist */ = {isa = PBXFileReference; fileEncoding = 4; lastKnownFileType = text.plist.xml; path = "GoogleService-Info.plist"; sourceTree = "<group>"; };
		F0E5E69E1D93811F00924C1D /* SerchSetingView.h */ = {isa = PBXFileReference; fileEncoding = 4; lastKnownFileType = sourcecode.c.h; path = SerchSetingView.h; sourceTree = "<group>"; };
		F0E5E69F1D93811F00924C1D /* SerchSetingView.m */ = {isa = PBXFileReference; fileEncoding = 4; lastKnownFileType = sourcecode.c.objc; path = SerchSetingView.m; sourceTree = "<group>"; };
		F0E5E6A11D9381F300924C1D /* UIViewAdditions.h */ = {isa = PBXFileReference; fileEncoding = 4; lastKnownFileType = sourcecode.c.h; path = UIViewAdditions.h; sourceTree = "<group>"; };
		F0E5E6A21D9381F300924C1D /* UIViewAdditions.m */ = {isa = PBXFileReference; fileEncoding = 4; lastKnownFileType = sourcecode.c.objc; path = UIViewAdditions.m; sourceTree = "<group>"; };
/* End PBXFileReference section */

/* Begin PBXFrameworksBuildPhase section */
		F0B1A0571D76A7160083C7F8 /* Frameworks */ = {
			isa = PBXFrameworksBuildPhase;
			buildActionMask = 2147483647;
			files = (
				F04581D01D76BD9100C3FDB7 /* libc++.1.tbd in Frameworks */,
				F04581CE1D76BD0600C3FDB7 /* libsqlite3.0.tbd in Frameworks */,
				F03CC68E1D911053004EEED7 /* libWeChatSDK.a in Frameworks */,
				F04581CC1D76BCFE00C3FDB7 /* libz.tbd in Frameworks */,
				F04581CA1D76BCEB00C3FDB7 /* SystemConfiguration.framework in Frameworks */,
				F04581C81D76BCE300C3FDB7 /* CoreTelephony.framework in Frameworks */,
				F04581C61D76BCD600C3FDB7 /* Security.framework in Frameworks */,
				846F7BFEE67DD85C147ED6B1 /* libPods-EllenGif.a in Frameworks */,
			);
			runOnlyForDeploymentPostprocessing = 0;
		};
/* End PBXFrameworksBuildPhase section */

/* Begin PBXGroup section */
		7742B7C4098C4116360ED38D /* Pods */ = {
			isa = PBXGroup;
			children = (
				781B5B73E65B3AF8FCF16B5C /* Pods-EllenGif.debug.xcconfig */,
				3A9561390E2CCAFCA4FAC2B6 /* Pods-EllenGif.release.xcconfig */,
			);
			name = Pods;
			sourceTree = "<group>";
		};
		95C7532284C9F3481FBB2216 /* Frameworks */ = {
			isa = PBXGroup;
			children = (
				F04581CF1D76BD9100C3FDB7 /* libc++.1.tbd */,
				F04581CD1D76BD0600C3FDB7 /* libsqlite3.0.tbd */,
				F04581CB1D76BCFE00C3FDB7 /* libz.tbd */,
				F04581C91D76BCEB00C3FDB7 /* SystemConfiguration.framework */,
				F04581C71D76BCE300C3FDB7 /* CoreTelephony.framework */,
				F04581C51D76BCD600C3FDB7 /* Security.framework */,
				DF08AF7868EA2B55D0CDD1B0 /* libPods-EllenGif.a */,
			);
			name = Frameworks;
			sourceTree = "<group>";
		};
		F005082E1D910B7A009B8CBC /* ViewController */ = {
			isa = PBXGroup;
			children = (
				F045866F1E8259CE00C53773 /* VideoVC */,
				F0E5E68C1D936BB200924C1D /* UserVC */,
				F00508631D910ECC009B8CBC /* HomeVC */,
				F00508321D910BD0009B8CBC /* Base */,
			);
			path = ViewController;
			sourceTree = "<group>";
		};
		F00508321D910BD0009B8CBC /* Base */ = {
			isa = PBXGroup;
			children = (
				F03CC6911D911138004EEED7 /* MainTabBarController.h */,
				F03CC6921D911138004EEED7 /* MainTabBarController.m */,
				F0BF49FE1D94D1F50032F5B8 /* GGNavigationController.h */,
				F0BF49FF1D94D1F50032F5B8 /* GGNavigationController.m */,
				F00508351D910BD0009B8CBC /* BaseViewController.h */,
				F00508361D910BD0009B8CBC /* BaseViewController.m */,
				F00508371D910BD0009B8CBC /* GGNavigationBar.h */,
				F00508381D910BD0009B8CBC /* GGNavigationBar.m */,
			);
			path = Base;
			sourceTree = "<group>";
		};
		F005083C1D910EA2009B8CBC /* Tools */ = {
			isa = PBXGroup;
			children = (
				F0AAB2C91E83C33E004E6EF4 /* Reachability.h */,
				F0AAB2CA1E83C33E004E6EF4 /* Reachability.m */,
				F0AAB2AF1E83A16B004E6EF4 /* GGRequest.h */,
				F0AAB2B01E83A16B004E6EF4 /* GGRequest.m */,
				F0E5E6A11D9381F300924C1D /* UIViewAdditions.h */,
				F0E5E6A21D9381F300924C1D /* UIViewAdditions.m */,
				F005083D1D910EA2009B8CBC /* MBProgressHUD+string.h */,
				F005083E1D910EA2009B8CBC /* MBProgressHUD+string.m */,
				F005083F1D910EA2009B8CBC /* ZXUnitil.h */,
				F00508401D910EA2009B8CBC /* ZXUnitil.mm */,
			);
			path = Tools;
			sourceTree = "<group>";
		};
		F00508411D910EA2009B8CBC /* WeChatShare */ = {
			isa = PBXGroup;
			children = (
				F03CC6871D911053004EEED7 /* SDKExport */,
				F00508421D910EA2009B8CBC /* Control */,
				F00508491D910EA2009B8CBC /* Helper */,
			);
			path = WeChatShare;
			sourceTree = "<group>";
		};
		F00508421D910EA2009B8CBC /* Control */ = {
			isa = PBXGroup;
			children = (
				F00508431D910EA2009B8CBC /* WXApiManager.h */,
				F00508441D910EA2009B8CBC /* WXApiManager.m */,
				F00508451D910EA2009B8CBC /* WXApiRequestHandler.h */,
				F00508461D910EA2009B8CBC /* WXApiRequestHandler.m */,
				F00508471D910EA2009B8CBC /* WXApiResponseHandler.h */,
				F00508481D910EA2009B8CBC /* WXApiResponseHandler.m */,
			);
			path = Control;
			sourceTree = "<group>";
		};
		F00508491D910EA2009B8CBC /* Helper */ = {
			isa = PBXGroup;
			children = (
				F005084A1D910EA2009B8CBC /* Constant.h */,
				F005084B1D910EA2009B8CBC /* GetMessageFromWXResp+responseWithTextOrMediaMessage.h */,
				F005084C1D910EA2009B8CBC /* GetMessageFromWXResp+responseWithTextOrMediaMessage.m */,
				F005084D1D910EA2009B8CBC /* SendMessageToWXReq+requestWithTextOrMediaMessage.h */,
				F005084E1D910EA2009B8CBC /* SendMessageToWXReq+requestWithTextOrMediaMessage.m */,
				F005084F1D910EA2009B8CBC /* WXMediaMessage+messageConstruct.h */,
				F00508501D910EA2009B8CBC /* WXMediaMessage+messageConstruct.m */,
			);
			path = Helper;
			sourceTree = "<group>";
		};
		F00508631D910ECC009B8CBC /* HomeVC */ = {
			isa = PBXGroup;
			children = (
				F03CC6941D9118B0004EEED7 /* HomeViewController.h */,
				F03CC6951D9118B0004EEED7 /* HomeViewController.m */,
				F03CC6971D912972004EEED7 /* GifViewController.h */,
				F03CC6981D912972004EEED7 /* GifViewController.m */,
				F0E5E69E1D93811F00924C1D /* SerchSetingView.h */,
				F0E5E69F1D93811F00924C1D /* SerchSetingView.m */,
			);
			path = HomeVC;
			sourceTree = "<group>";
		};
		F03CC6871D911053004EEED7 /* SDKExport */ = {
			isa = PBXGroup;
			children = (
				F03CC6881D911053004EEED7 /* libWeChatSDK.a */,
				F03CC6891D911053004EEED7 /* read_me.txt */,
				F03CC68A1D911053004EEED7 /* README.txt */,
				F03CC68B1D911053004EEED7 /* WechatAuthSDK.h */,
				F03CC68C1D911053004EEED7 /* WXApi.h */,
				F03CC68D1D911053004EEED7 /* WXApiObject.h */,
			);
			path = SDKExport;
			sourceTree = "<group>";
		};
		F045866F1E8259CE00C53773 /* VideoVC */ = {
			isa = PBXGroup;
			children = (
				F04586761E8259FF00C53773 /* VideoListBaseController.h */,
				F04586771E8259FF00C53773 /* VideoListBaseController.m */,
				F04586701E8259F100C53773 /* VideoViewController.h */,
				F04586711E8259F100C53773 /* VideoViewController.m */,
				F04586721E8259F100C53773 /* VideoListController.h */,
				F04586731E8259F100C53773 /* VideoListController.m */,
				F0AAB2C41E83B00A004E6EF4 /* AuthorVideoListController.h */,
				F0AAB2C51E83B00A004E6EF4 /* AuthorVideoListController.m */,
				F0AAB2CC1E83C4AE004E6EF4 /* SearchViewController.h */,
				F0AAB2CD1E83C4AE004E6EF4 /* SearchViewController.m */,
				F0AAB2B91E83ADA0004E6EF4 /* VideoListCell.h */,
				F0AAB2BA1E83ADA0004E6EF4 /* VideoListCell.m */,
				F0AAB2BB1E83ADA0004E6EF4 /* VideoListCell.xib */,
				F0AAB2C71E83B209004E6EF4 /* video.html */,
			);
			path = VideoVC;
			sourceTree = "<group>";
		};
		F0AAB2A81E83A036004E6EF4 /* Model */ = {
			isa = PBXGroup;
			children = (
				F0AAB2B21E83A2CC004E6EF4 /* Base */,
				F0AAB2A91E83A088004E6EF4 /* VideoListModel.h */,
				F0AAB2AA1E83A088004E6EF4 /* VideoListModel.m */,
				F0AAB2AB1E83A088004E6EF4 /* VideoModel.h */,
				F0AAB2AC1E83A088004E6EF4 /* VideoModel.m */,
				F0AAB2C11E83AE4D004E6EF4 /* UserModel.h */,
				F0AAB2C21E83AE4D004E6EF4 /* UserModel.m */,
			);
			path = Model;
			sourceTree = "<group>";
		};
		F0AAB2B21E83A2CC004E6EF4 /* Base */ = {
			isa = PBXGroup;
			children = (
				F0AAB2B31E83A32F004E6EF4 /* EllenModel.h */,
				F0AAB2B41E83A32F004E6EF4 /* EllenModel.m */,
				F0AAB2B61E83A475004E6EF4 /* EllenModel+GGRequest.h */,
				F0AAB2B71E83A475004E6EF4 /* EllenModel+GGRequest.m */,
			);
			path = Base;
			sourceTree = "<group>";
		};
		F0B1A0511D76A7160083C7F8 = {
			isa = PBXGroup;
			children = (
				F0B1A05C1D76A7160083C7F8 /* EllenGif */,
				F0B1A05B1D76A7160083C7F8 /* Products */,
				7742B7C4098C4116360ED38D /* Pods */,
				95C7532284C9F3481FBB2216 /* Frameworks */,
			);
			sourceTree = "<group>";
		};
		F0B1A05B1D76A7160083C7F8 /* Products */ = {
			isa = PBXGroup;
			children = (
				F0B1A05A1D76A7160083C7F8 /* EllenGif.app */,
			);
			name = Products;
			sourceTree = "<group>";
		};
		F0B1A05C1D76A7160083C7F8 /* EllenGif */ = {
			isa = PBXGroup;
			children = (
				F045819B1D76AA4200C3FDB7 /* MyDefines.h */,
				F0B1A0601D76A7160083C7F8 /* AppDelegate.h */,
				F0B1A0611D76A7160083C7F8 /* AppDelegate.m */,
				F045819D1D76AD1700C3FDB7 /* EllenCollectionCell.h */,
				F045819E1D76AD1700C3FDB7 /* EllenCollectionCell.m */,
				F0B1A0661D76A7160083C7F8 /* Main.storyboard */,
				F0E5DA8A1D92A90B007A73F3 /* LaunchView.h */,
				F0E5DA8B1D92A90B007A73F3 /* LaunchView.m */,
				F0AAB2A81E83A036004E6EF4 /* Model */,
				F005083C1D910EA2009B8CBC /* Tools */,
				F00508411D910EA2009B8CBC /* WeChatShare */,
				F005082E1D910B7A009B8CBC /* ViewController */,
				F0B1A0691D76A7160083C7F8 /* Assets.xcassets */,
				F0B1A06B1D76A7160083C7F8 /* LaunchScreen.storyboard */,
				F0B1A06E1D76A7160083C7F8 /* Info.plist */,
				F0E5E6931D9371D300924C1D /* GoogleService-Info.plist */,
				F0B1A05D1D76A7160083C7F8 /* Supporting Files */,
			);
			path = EllenGif;
			sourceTree = "<group>";
		};
		F0B1A05D1D76A7160083C7F8 /* Supporting Files */ = {
			isa = PBXGroup;
			children = (
				F0B1A05E1D76A7160083C7F8 /* main.m */,
				F045819C1D76AA8200C3FDB7 /* PrefixHeader.pch */,
			);
			name = "Supporting Files";
			sourceTree = "<group>";
		};
		F0E5E68C1D936BB200924C1D /* UserVC */ = {
			isa = PBXGroup;
			children = (
				F0E5E6901D936ECC00924C1D /* ADViewController.h */,
				F0E5E6911D936ECC00924C1D /* ADViewController.m */,
				F0E5E68D1D936D3C00924C1D /* UserCenterController.h */,
				F0E5E68E1D936D3C00924C1D /* UserCenterController.m */,
				F0D4205E1E039DE500E596F0 /* FavorViewController.h */,
				F0D4205F1E039DE500E596F0 /* FavorViewController.m */,
			);
			path = UserVC;
			sourceTree = "<group>";
		};
/* End PBXGroup section */

/* Begin PBXNativeTarget section */
		F0B1A0591D76A7160083C7F8 /* EllenGif */ = {
			isa = PBXNativeTarget;
			buildConfigurationList = F0B1A0711D76A7160083C7F8 /* Build configuration list for PBXNativeTarget "EllenGif" */;
			buildPhases = (
				ADD520CD2C61441D6BC35009 /* [CP] Check Pods Manifest.lock */,
				F0B1A0561D76A7160083C7F8 /* Sources */,
				F0B1A0571D76A7160083C7F8 /* Frameworks */,
				F0B1A0581D76A7160083C7F8 /* Resources */,
				0FB021F07A6B1212879F6132 /* [CP] Embed Pods Frameworks */,
				50CD635B30F22F22F99BD608 /* [CP] Copy Pods Resources */,
			);
			buildRules = (
			);
			dependencies = (
			);
			name = EllenGif;
			productName = EllenGif;
			productReference = F0B1A05A1D76A7160083C7F8 /* EllenGif.app */;
			productType = "com.apple.product-type.application";
		};
/* End PBXNativeTarget section */

/* Begin PBXProject section */
		F0B1A0521D76A7160083C7F8 /* Project object */ = {
			isa = PBXProject;
			attributes = {
				LastUpgradeCheck = 0730;
				ORGANIZATIONNAME = idreams.club;
				TargetAttributes = {
					F0B1A0591D76A7160083C7F8 = {
						CreatedOnToolsVersion = 7.3;
						DevelopmentTeam = BZ2BR27C6A;
						ProvisioningStyle = Automatic;
					};
				};
			};
			buildConfigurationList = F0B1A0551D76A7160083C7F8 /* Build configuration list for PBXProject "EllenGif" */;
			compatibilityVersion = "Xcode 3.2";
			developmentRegion = English;
			hasScannedForEncodings = 0;
			knownRegions = (
				en,
				Base,
			);
			mainGroup = F0B1A0511D76A7160083C7F8;
			productRefGroup = F0B1A05B1D76A7160083C7F8 /* Products */;
			projectDirPath = "";
			projectRoot = "";
			targets = (
				F0B1A0591D76A7160083C7F8 /* EllenGif */,
			);
		};
/* End PBXProject section */

/* Begin PBXResourcesBuildPhase section */
		F0B1A0581D76A7160083C7F8 /* Resources */ = {
			isa = PBXResourcesBuildPhase;
			buildActionMask = 2147483647;
			files = (
				F0B1A06D1D76A7160083C7F8 /* LaunchScreen.storyboard in Resources */,
				F0AAB2BD1E83ADA0004E6EF4 /* VideoListCell.xib in Resources */,
				F0B1A06A1D76A7160083C7F8 /* Assets.xcassets in Resources */,
				F03CC68F1D911053004EEED7 /* read_me.txt in Resources */,
				F0AAB2C81E83B209004E6EF4 /* video.html in Resources */,
				F0B1A0681D76A7160083C7F8 /* Main.storyboard in Resources */,
				F03CC6901D911053004EEED7 /* README.txt in Resources */,
				F0E5E6941D9371D300924C1D /* GoogleService-Info.plist in Resources */,
			);
			runOnlyForDeploymentPostprocessing = 0;
		};
/* End PBXResourcesBuildPhase section */

/* Begin PBXShellScriptBuildPhase section */
		0FB021F07A6B1212879F6132 /* [CP] Embed Pods Frameworks */ = {
			isa = PBXShellScriptBuildPhase;
			buildActionMask = 2147483647;
			files = (
			);
			inputPaths = (
			);
			name = "[CP] Embed Pods Frameworks";
			outputPaths = (
			);
			runOnlyForDeploymentPostprocessing = 0;
			shellPath = /bin/sh;
			shellScript = "\"${SRCROOT}/Pods/Target Support Files/Pods-EllenGif/Pods-EllenGif-frameworks.sh\"\n";
			showEnvVarsInLog = 0;
		};
		50CD635B30F22F22F99BD608 /* [CP] Copy Pods Resources */ = {
			isa = PBXShellScriptBuildPhase;
			buildActionMask = 2147483647;
			files = (
			);
			inputPaths = (
			);
			name = "[CP] Copy Pods Resources";
			outputPaths = (
			);
			runOnlyForDeploymentPostprocessing = 0;
			shellPath = /bin/sh;
			shellScript = "\"${SRCROOT}/Pods/Target Support Files/Pods-EllenGif/Pods-EllenGif-resources.sh\"\n";
			showEnvVarsInLog = 0;
		};
		ADD520CD2C61441D6BC35009 /* [CP] Check Pods Manifest.lock */ = {
			isa = PBXShellScriptBuildPhase;
			buildActionMask = 2147483647;
			files = (
			);
			inputPaths = (
			);
			name = "[CP] Check Pods Manifest.lock";
			outputPaths = (
			);
			runOnlyForDeploymentPostprocessing = 0;
			shellPath = /bin/sh;
			shellScript = "diff \"${PODS_ROOT}/../Podfile.lock\" \"${PODS_ROOT}/Manifest.lock\" > /dev/null\nif [ $? != 0 ] ; then\n    # print error to STDERR\n    echo \"error: The sandbox is not in sync with the Podfile.lock. Run 'pod install' or update your CocoaPods installation.\" >&2\n    exit 1\nfi\n";
			showEnvVarsInLog = 0;
		};
/* End PBXShellScriptBuildPhase section */

/* Begin PBXSourcesBuildPhase section */
		F0B1A0561D76A7160083C7F8 /* Sources */ = {
			isa = PBXSourcesBuildPhase;
			buildActionMask = 2147483647;
			files = (
				F0AAB2B81E83A475004E6EF4 /* EllenModel+GGRequest.m in Sources */,
				F005085F1D910EA2009B8CBC /* WXMediaMessage+messageConstruct.m in Sources */,
				F005085B1D910EA2009B8CBC /* WXApiRequestHandler.m in Sources */,
				F0E5E6A31D9381F300924C1D /* UIViewAdditions.m in Sources */,
				F0AAB2C61E83B00A004E6EF4 /* AuthorVideoListController.m in Sources */,
				F00508581D910EA2009B8CBC /* MBProgressHUD+string.m in Sources */,
				F005083B1D910BD0009B8CBC /* GGNavigationBar.m in Sources */,
				F005085D1D910EA2009B8CBC /* GetMessageFromWXResp+responseWithTextOrMediaMessage.m in Sources */,
				F03CC6991D912972004EEED7 /* GifViewController.m in Sources */,
				F0E5E6A01D93811F00924C1D /* SerchSetingView.m in Sources */,
				F005083A1D910BD0009B8CBC /* BaseViewController.m in Sources */,
				F03CC6931D911138004EEED7 /* MainTabBarController.m in Sources */,
				F03CC6961D9118B0004EEED7 /* HomeViewController.m in Sources */,
				F0E5E6921D936ECC00924C1D /* ADViewController.m in Sources */,
				F005085A1D910EA2009B8CBC /* WXApiManager.m in Sources */,
				F0AAB2C31E83AE4D004E6EF4 /* UserModel.m in Sources */,
				F0E5DA8C1D92A90B007A73F3 /* LaunchView.m in Sources */,
				F04586781E8259FF00C53773 /* VideoListBaseController.m in Sources */,
				F04586741E8259F100C53773 /* VideoViewController.m in Sources */,
				F005085E1D910EA2009B8CBC /* SendMessageToWXReq+requestWithTextOrMediaMessage.m in Sources */,
				F045819F1D76AD1700C3FDB7 /* EllenCollectionCell.m in Sources */,
				F005085C1D910EA2009B8CBC /* WXApiResponseHandler.m in Sources */,
				F0AAB2CE1E83C4AE004E6EF4 /* SearchViewController.m in Sources */,
				F0AAB2AE1E83A088004E6EF4 /* VideoModel.m in Sources */,
				F0BF4A001D94D1F50032F5B8 /* GGNavigationController.m in Sources */,
				F0AAB2CB1E83C33E004E6EF4 /* Reachability.m in Sources */,
				F0AAB2AD1E83A088004E6EF4 /* VideoListModel.m in Sources */,
				F00508591D910EA2009B8CBC /* ZXUnitil.mm in Sources */,
				F0E5E68F1D936D3C00924C1D /* UserCenterController.m in Sources */,
				F0D420601E039DE500E596F0 /* FavorViewController.m in Sources */,
				F0B1A0621D76A7160083C7F8 /* AppDelegate.m in Sources */,
				F0B1A05F1D76A7160083C7F8 /* main.m in Sources */,
				F0AAB2B11E83A16B004E6EF4 /* GGRequest.m in Sources */,
				F0AAB2BC1E83ADA0004E6EF4 /* VideoListCell.m in Sources */,
				F0AAB2B51E83A32F004E6EF4 /* EllenModel.m in Sources */,
				F04586751E8259F100C53773 /* VideoListController.m in Sources */,
			);
			runOnlyForDeploymentPostprocessing = 0;
		};
/* End PBXSourcesBuildPhase section */

/* Begin PBXVariantGroup section */
		F0B1A0661D76A7160083C7F8 /* Main.storyboard */ = {
			isa = PBXVariantGroup;
			children = (
				F0B1A0671D76A7160083C7F8 /* Base */,
			);
			name = Main.storyboard;
			sourceTree = "<group>";
		};
		F0B1A06B1D76A7160083C7F8 /* LaunchScreen.storyboard */ = {
			isa = PBXVariantGroup;
			children = (
				F0B1A06C1D76A7160083C7F8 /* Base */,
			);
			name = LaunchScreen.storyboard;
			sourceTree = "<group>";
		};
/* End PBXVariantGroup section */

/* Begin XCBuildConfiguration section */
		F0B1A06F1D76A7160083C7F8 /* Debug */ = {
			isa = XCBuildConfiguration;
			buildSettings = {
				ALWAYS_SEARCH_USER_PATHS = NO;
				CLANG_ANALYZER_NONNULL = YES;
				CLANG_CXX_LANGUAGE_STANDARD = "gnu++0x";
				CLANG_CXX_LIBRARY = "libc++";
				CLANG_ENABLE_MODULES = YES;
				CLANG_ENABLE_OBJC_ARC = YES;
				CLANG_WARN_BOOL_CONVERSION = YES;
				CLANG_WARN_CONSTANT_CONVERSION = YES;
				CLANG_WARN_DIRECT_OBJC_ISA_USAGE = YES_ERROR;
				CLANG_WARN_EMPTY_BODY = YES;
				CLANG_WARN_ENUM_CONVERSION = YES;
				CLANG_WARN_INT_CONVERSION = YES;
				CLANG_WARN_OBJC_ROOT_CLASS = YES_ERROR;
				CLANG_WARN_UNREACHABLE_CODE = YES;
				CLANG_WARN__DUPLICATE_METHOD_MATCH = YES;
				"CODE_SIGN_IDENTITY[sdk=iphoneos*]" = "iPhone Developer";
				COPY_PHASE_STRIP = NO;
				DEBUG_INFORMATION_FORMAT = dwarf;
				ENABLE_STRICT_OBJC_MSGSEND = YES;
				ENABLE_TESTABILITY = YES;
				GCC_C_LANGUAGE_STANDARD = gnu99;
				GCC_DYNAMIC_NO_PIC = NO;
				GCC_NO_COMMON_BLOCKS = YES;
				GCC_OPTIMIZATION_LEVEL = 0;
				GCC_PREPROCESSOR_DEFINITIONS = (
					"DEBUG=1",
					"$(inherited)",
				);
				GCC_WARN_64_TO_32_BIT_CONVERSION = YES;
				GCC_WARN_ABOUT_RETURN_TYPE = YES_ERROR;
				GCC_WARN_UNDECLARED_SELECTOR = YES;
				GCC_WARN_UNINITIALIZED_AUTOS = YES_AGGRESSIVE;
				GCC_WARN_UNUSED_FUNCTION = YES;
				GCC_WARN_UNUSED_VARIABLE = YES;
				IPHONEOS_DEPLOYMENT_TARGET = 9.3;
				MTL_ENABLE_DEBUG_INFO = YES;
				ONLY_ACTIVE_ARCH = YES;
				SDKROOT = iphoneos;
			};
			name = Debug;
		};
		F0B1A0701D76A7160083C7F8 /* Release */ = {
			isa = XCBuildConfiguration;
			buildSettings = {
				ALWAYS_SEARCH_USER_PATHS = NO;
				CLANG_ANALYZER_NONNULL = YES;
				CLANG_CXX_LANGUAGE_STANDARD = "gnu++0x";
				CLANG_CXX_LIBRARY = "libc++";
				CLANG_ENABLE_MODULES = YES;
				CLANG_ENABLE_OBJC_ARC = YES;
				CLANG_WARN_BOOL_CONVERSION = YES;
				CLANG_WARN_CONSTANT_CONVERSION = YES;
				CLANG_WARN_DIRECT_OBJC_ISA_USAGE = YES_ERROR;
				CLANG_WARN_EMPTY_BODY = YES;
				CLANG_WARN_ENUM_CONVERSION = YES;
				CLANG_WARN_INT_CONVERSION = YES;
				CLANG_WARN_OBJC_ROOT_CLASS = YES_ERROR;
				CLANG_WARN_UNREACHABLE_CODE = YES;
				CLANG_WARN__DUPLICATE_METHOD_MATCH = YES;
				"CODE_SIGN_IDENTITY[sdk=iphoneos*]" = "iPhone Developer";
				COPY_PHASE_STRIP = NO;
				DEBUG_INFORMATION_FORMAT = "dwarf-with-dsym";
				ENABLE_NS_ASSERTIONS = NO;
				ENABLE_STRICT_OBJC_MSGSEND = YES;
				GCC_C_LANGUAGE_STANDARD = gnu99;
				GCC_NO_COMMON_BLOCKS = YES;
				GCC_WARN_64_TO_32_BIT_CONVERSION = YES;
				GCC_WARN_ABOUT_RETURN_TYPE = YES_ERROR;
				GCC_WARN_UNDECLARED_SELECTOR = YES;
				GCC_WARN_UNINITIALIZED_AUTOS = YES_AGGRESSIVE;
				GCC_WARN_UNUSED_FUNCTION = YES;
				GCC_WARN_UNUSED_VARIABLE = YES;
				IPHONEOS_DEPLOYMENT_TARGET = 9.3;
				MTL_ENABLE_DEBUG_INFO = NO;
				SDKROOT = iphoneos;
				VALIDATE_PRODUCT = YES;
			};
			name = Release;
		};
		F0B1A0721D76A7160083C7F8 /* Debug */ = {
			isa = XCBuildConfiguration;
			baseConfigurationReference = 781B5B73E65B3AF8FCF16B5C /* Pods-EllenGif.debug.xcconfig */;
			buildSettings = {
				ASSETCATALOG_COMPILER_APPICON_NAME = AppIcon;
				ASSETCATALOG_COMPILER_LAUNCHIMAGE_NAME = LaunchImage;
				"CODE_SIGN_IDENTITY[sdk=iphoneos*]" = "iPhone Developer";
				DEVELOPMENT_TEAM = BZ2BR27C6A;
				ENABLE_BITCODE = NO;
				GCC_PREFIX_HEADER = "$(SRCROOT)/EllenGif/PrefixHeader.pch";
				INFOPLIST_FILE = EllenGif/Info.plist;
				IPHONEOS_DEPLOYMENT_TARGET = 7.0;
				LD_RUNPATH_SEARCH_PATHS = "$(inherited) @executable_path/Frameworks";
				LIBRARY_SEARCH_PATHS = (
					"$(inherited)",
					"$(PROJECT_DIR)/EllenGif/SDKExport",
					"$(PROJECT_DIR)/EllenGif/WeChatShare/SDKExport",
				);
				PRODUCT_BUNDLE_IDENTIFIER = xianng.com.EllenGif;
				PRODUCT_NAME = "$(TARGET_NAME)";
				PROVISIONING_PROFILE = "";
				PROVISIONING_PROFILE_SPECIFIER = "";
			};
			name = Debug;
		};
		F0B1A0731D76A7160083C7F8 /* Release */ = {
			isa = XCBuildConfiguration;
			baseConfigurationReference = 3A9561390E2CCAFCA4FAC2B6 /* Pods-EllenGif.release.xcconfig */;
			buildSettings = {
				ASSETCATALOG_COMPILER_APPICON_NAME = AppIcon;
				ASSETCATALOG_COMPILER_LAUNCHIMAGE_NAME = LaunchImage;
				"CODE_SIGN_IDENTITY[sdk=iphoneos*]" = "iPhone Developer";
				DEVELOPMENT_TEAM = BZ2BR27C6A;
				ENABLE_BITCODE = NO;
				GCC_PREFIX_HEADER = "$(SRCROOT)/EllenGif/PrefixHeader.pch";
				INFOPLIST_FILE = EllenGif/Info.plist;
				IPHONEOS_DEPLOYMENT_TARGET = 7.0;
				LD_RUNPATH_SEARCH_PATHS = "$(inherited) @executable_path/Frameworks";
				LIBRARY_SEARCH_PATHS = (
					"$(inherited)",
					"$(PROJECT_DIR)/EllenGif/SDKExport",
					"$(PROJECT_DIR)/EllenGif/WeChatShare/SDKExport",
				);
				PRODUCT_BUNDLE_IDENTIFIER = xianng.com.EllenGif;
				PRODUCT_NAME = "$(TARGET_NAME)";
				PROVISIONING_PROFILE = "";
				PROVISIONING_PROFILE_SPECIFIER = "";
			};
			name = Release;
		};
/* End XCBuildConfiguration section */

/* Begin XCConfigurationList section */
		F0B1A0551D76A7160083C7F8 /* Build configuration list for PBXProject "EllenGif" */ = {
			isa = XCConfigurationList;
			buildConfigurations = (
				F0B1A06F1D76A7160083C7F8 /* Debug */,
				F0B1A0701D76A7160083C7F8 /* Release */,
			);
			defaultConfigurationIsVisible = 0;
			defaultConfigurationName = Release;
		};
		F0B1A0711D76A7160083C7F8 /* Build configuration list for PBXNativeTarget "EllenGif" */ = {
			isa = XCConfigurationList;
			buildConfigurations = (
				F0B1A0721D76A7160083C7F8 /* Debug */,
				F0B1A0731D76A7160083C7F8 /* Release */,
			);
			defaultConfigurationIsVisible = 0;
			defaultConfigurationName = Release;
		};
/* End XCConfigurationList section */
	};
	rootObject = F0B1A0521D76A7160083C7F8 /* Project object */;
}
